
Microsoft Visual Studio Solution File, Format Version 12.00
# Visual Studio 2013
VisualStudioVersion = 12.0.31101.0
MinimumVisualStudioVersion = 10.0.40219.1
Project("{FAE04EC0-301F-11D3-BF4B-00C04F79EFBC}") = "01.DeclareVariables", "01.DeclareVariables\01.DeclareVariables.csproj", "{7B344677-967C-4143-9AF5-8B03268D6D1D}"
EndProject
Project("{FAE04EC0-301F-11D3-BF4B-00C04F79EFBC}") = "02.FloatOrDouble", "02.FloatOrDouble\02.FloatOrDouble.csproj", "{18285246-C70B-4F33-A85C-3131176E2AD3}"
EndProject
Project("{FAE04EC0-301F-11D3-BF4B-00C04F79EFBC}") = "03.HexadecimalFormat", "03.HexadecimalFormat\03.HexadecimalFormat.csproj", "{3B1F490E-C047-448F-8775-2A9A33275E01}"
EndProject
Project("{FAE04EC0-301F-11D3-BF4B-00C04F79EFBC}") = "04.UnicodeCharacter", "04.UnicodeCharacter\04.UnicodeCharacter.csproj", "{90068085-7813-4292-B4A3-B3956AD65689}"
EndProject
Project("{FAE04EC0-301F-11D3-BF4B-00C04F79EFBC}") = "05.BooleanVariable", "05.BooleanVariable\05.BooleanVariable.csproj", "{6F86F1E0-75D1-48E2-B4BC-E637D188E808}"
EndProject
Project("{FAE04EC0-301F-11D3-BF4B-00C04F79EFBC}") = "06.StringAndObject", "06.StringAndObject\06.StringAndObject.csproj", "{C54CE8DA-1C8C-44D3-9D2E-4439003ACE44}"
EndProject
Project("{FAE04EC0-301F-11D3-BF4B-00C04F79EFBC}") = "07.QuotesInStrings", "07.QuotesInStrings\07.QuotesInStrings.csproj", "{43C48E0A-62C3-4500-9F14-CF113E395126}"
EndProject
Project("{FAE04EC0-301F-11D3-BF4B-00C04F79EFBC}") = "08.IsoscelesTriangle", "08.IsoscelesTriangle\08.IsoscelesTriangle.csproj", "{5A707A39-0F39-4D15-8E36-4E112A80C9F8}"
EndProject
Project("{FAE04EC0-301F-11D3-BF4B-00C04F79EFBC}") = "09.ExchangeVariableValue", "09.ExchangeVariableValue\09.ExchangeVariableValue.csproj", "{AA5A26B5-B1BC-40F3-8C41-646877074FF6}"
EndProject
Project("{FAE04EC0-301F-11D3-BF4B-00C04F79EFBC}") = "10.EmployeeData", "10.EmployeeData\10.EmployeeData.csproj", "{B02C0237-5757-4CCF-8F0D-31B04DBA9593}"
EndProject
Project("{FAE04EC0-301F-11D3-BF4B-00C04F79EFBC}") = "11.BankAccountData", "11.BankAccountData\11.BankAccountData.csproj", "{28831E04-5FDB-4CFB-8D94-EA33DD638802}"
EndProject
Project("{FAE04EC0-301F-11D3-BF4B-00C04F79EFBC}") = "12.NullValuesArithmetic", "12.NullValuesArithmetic\12.NullValuesArithmetic.csproj", "{CFB75BB8-4A46-436C-B9AC-FEDB86B005E6}"
EndProject
Project("{FAE04EC0-301F-11D3-BF4B-00C04F79EFBC}") = "13.ComparingFloats", "13.ComparingFloats\13.ComparingFloats.csproj", "{E53C6128-4742-4D91-A296-0FFDE93016EA}"
EndProject
Project("{FAE04EC0-301F-11D3-BF4B-00C04F79EFBC}") = "14.ASCIITable", "14.ASCIITable\14.ASCIITable.csproj", "{26F1F8AA-CAD4-44BE-B400-6F9B964343CA}"
EndProject
Global
	GlobalSection(SolutionConfigurationPlatforms) = preSolution
		Debug|Any CPU = Debug|Any CPU
		Release|Any CPU = Release|Any CPU
	EndGlobalSection
	GlobalSection(ProjectConfigurationPlatforms) = postSolution
		{7B344677-967C-4143-9AF5-8B03268D6D1D}.Debug|Any CPU.ActiveCfg = Debug|Any CPU
		{7B344677-967C-4143-9AF5-8B03268D6D1D}.Debug|Any CPU.Build.0 = Debug|Any CPU
		{7B344677-967C-4143-9AF5-8B03268D6D1D}.Release|Any CPU.ActiveCfg = Release|Any CPU
		{7B344677-967C-4143-9AF5-8B03268D6D1D}.Release|Any CPU.Build.0 = Release|Any CPU
		{18285246-C70B-4F33-A85C-3131176E2AD3}.Debug|Any CPU.ActiveCfg = Debug|Any CPU
		{18285246-C70B-4F33-A85C-3131176E2AD3}.Debug|Any CPU.Build.0 = Debug|Any CPU
		{18285246-C70B-4F33-A85C-3131176E2AD3}.Release|Any CPU.ActiveCfg = Release|Any CPU
		{18285246-C70B-4F33-A85C-3131176E2AD3}.Release|Any CPU.Build.0 = Release|Any CPU
		{3B1F490E-C047-448F-8775-2A9A33275E01}.Debug|Any CPU.ActiveCfg = Debug|Any CPU
		{3B1F490E-C047-448F-8775-2A9A33275E01}.Debug|Any CPU.Build.0 = Debug|Any CPU
		{3B1F490E-C047-448F-8775-2A9A33275E01}.Release|Any CPU.ActiveCfg = Release|Any CPU
		{3B1F490E-C047-448F-8775-2A9A33275E01}.Release|Any CPU.Build.0 = Release|Any CPU
		{90068085-7813-4292-B4A3-B3956AD65689}.Debug|Any CPU.ActiveCfg = Debug|Any CPU
		{90068085-7813-4292-B4A3-B3956AD65689}.Debug|Any CPU.Build.0 = Debug|Any CPU
		{90068085-7813-4292-B4A3-B3956AD65689}.Release|Any CPU.ActiveCfg = Release|Any CPU
		{90068085-7813-4292-B4A3-B3956AD65689}.Release|Any CPU.Build.0 = Release|Any CPU
		{6F86F1E0-75D1-48E2-B4BC-E637D188E808}.Debug|Any CPU.ActiveCfg = Debug|Any CPU
		{6F86F1E0-75D1-48E2-B4BC-E637D188E808}.Debug|Any CPU.Build.0 = Debug|Any CPU
		{6F86F1E0-75D1-48E2-B4BC-E637D188E808}.Release|Any CPU.ActiveCfg = Release|Any CPU
		{6F86F1E0-75D1-48E2-B4BC-E637D188E808}.Release|Any CPU.Build.0 = Release|Any CPU
		{C54CE8DA-1C8C-44D3-9D2E-4439003ACE44}.Debug|Any CPU.ActiveCfg = Debug|Any CPU
		{C54CE8DA-1C8C-44D3-9D2E-4439003ACE44}.Debug|Any CPU.Build.0 = Debug|Any CPU
		{C54CE8DA-1C8C-44D3-9D2E-4439003ACE44}.Release|Any CPU.ActiveCfg = Release|Any CPU
		{C54CE8DA-1C8C-44D3-9D2E-4439003ACE44}.Release|Any CPU.Build.0 = Release|Any CPU
		{43C48E0A-62C3-4500-9F14-CF113E395126}.Debug|Any CPU.ActiveCfg = Debug|Any CPU
		{43C48E0A-62C3-4500-9F14-CF113E395126}.Debug|Any CPU.Build.0 = Debug|Any CPU
		{43C48E0A-62C3-4500-9F14-CF113E395126}.Release|Any CPU.ActiveCfg = Release|Any CPU
		{43C48E0A-62C3-4500-9F14-CF113E395126}.Release|Any CPU.Build.0 = Release|Any CPU
		{5A707A39-0F39-4D15-8E36-4E112A80C9F8}.Debug|Any CPU.ActiveCfg = Debug|Any CPU
		{5A707A39-0F39-4D15-8E36-4E112A80C9F8}.Debug|Any CPU.Build.0 = Debug|Any CPU
		{5A707A39-0F39-4D15-8E36-4E112A80C9F8}.Release|Any CPU.ActiveCfg = Release|Any CPU
		{5A707A39-0F39-4D15-8E36-4E112A80C9F8}.Release|Any CPU.Build.0 = Release|Any CPU
		{AA5A26B5-B1BC-40F3-8C41-646877074FF6}.Debug|Any CPU.ActiveCfg = Debug|Any CPU
		{AA5A26B5-B1BC-40F3-8C41-646877074FF6}.Debug|Any CPU.Build.0 = Debug|Any CPU
		{AA5A26B5-B1BC-40F3-8C41-646877074FF6}.Release|Any CPU.ActiveCfg = Release|Any CPU
		{AA5A26B5-B1BC-40F3-8C41-646877074FF6}.Release|Any CPU.Build.0 = Release|Any CPU
		{B02C0237-5757-4CCF-8F0D-31B04DBA9593}.Debug|Any CPU.ActiveCfg = Debug|Any CPU
		{B02C0237-5757-4CCF-8F0D-31B04DBA9593}.Debug|Any CPU.Build.0 = Debug|Any CPU
		{B02C0237-5757-4CCF-8F0D-31B04DBA9593}.Release|Any CPU.ActiveCfg = Release|Any CPU
		{B02C0237-5757-4CCF-8F0D-31B04DBA9593}.Release|Any CPU.Build.0 = Release|Any CPU
		{28831E04-5FDB-4CFB-8D94-EA33DD638802}.Debug|Any CPU.ActiveCfg = Debug|Any CPU
		{28831E04-5FDB-4CFB-8D94-EA33DD638802}.Debug|Any CPU.Build.0 = Debug|Any CPU
		{28831E04-5FDB-4CFB-8D94-EA33DD638802}.Release|Any CPU.ActiveCfg = Release|Any CPU
		{28831E04-5FDB-4CFB-8D94-EA33DD638802}.Release|Any CPU.Build.0 = Release|Any CPU
		{CFB75BB8-4A46-436C-B9AC-FEDB86B005E6}.Debug|Any CPU.ActiveCfg = Debug|Any CPU
		{CFB75BB8-4A46-436C-B9AC-FEDB86B005E6}.Debug|Any CPU.Build.0 = Debug|Any CPU
		{CFB75BB8-4A46-436C-B9AC-FEDB86B005E6}.Release|Any CPU.ActiveCfg = Release|Any CPU
		{CFB75BB8-4A46-436C-B9AC-FEDB86B005E6}.Release|Any CPU.Build.0 = Release|Any CPU
		{E53C6128-4742-4D91-A296-0FFDE93016EA}.Debug|Any CPU.ActiveCfg = Debug|Any CPU
		{E53C6128-4742-4D91-A296-0FFDE93016EA}.Debug|Any CPU.Build.0 = Debug|Any CPU
		{E53C6128-4742-4D91-A296-0FFDE93016EA}.Release|Any CPU.ActiveCfg = Release|Any CPU
		{E53C6128-4742-4D91-A296-0FFDE93016EA}.Release|Any CPU.Build.0 = Release|Any CPU
		{26F1F8AA-CAD4-44BE-B400-6F9B964343CA}.Debug|Any CPU.ActiveCfg = Debug|Any CPU
		{26F1F8AA-CAD4-44BE-B400-6F9B964343CA}.Debug|Any CPU.Build.0 = Debug|Any CPU
		{26F1F8AA-CAD4-44BE-B400-6F9B964343CA}.Release|Any CPU.ActiveCfg = Release|Any CPU
		{26F1F8AA-CAD4-44BE-B400-6F9B964343CA}.Release|Any CPU.Build.0 = Release|Any CPU
	EndGlobalSection
	GlobalSection(SolutionProperties) = preSolution
		HideSolutionNode = FALSE
	EndGlobalSection
EndGlobal
